
Microsoft Visual Studio Solution File, Format Version 12.00
# Visual Studio 2013
VisualStudioVersion = 12.0.31101.0
MinimumVisualStudioVersion = 10.0.40219.1
Project("{F2A71F9B-5D33-465A-A702-920D77279786}") = "ManagerLibrary", "ManagerLibrary\ManagerLibrary.fsproj", "{BB2C0C02-8EC7-4737-9A48-9A9ABB293421}"
EndProject
Project("{F2A71F9B-5D33-465A-A702-920D77279786}") = "ConsoleGUI", "ConsoleGUI\ConsoleGUI.fsproj", "{5FAA4A2B-566C-4506-833D-7718704CC801}"
EndProject
Project("{FAE04EC0-301F-11D3-BF4B-00C04F79EFBC}") = "MainGUI", "WPFGUI\MainGUI.csproj", "{B24E9784-274A-4CAD-8672-A7C0C3FF3A19}"
EndProject
Project("{F2A71F9B-5D33-465A-A702-920D77279786}") = "TestApplication", "TestApplication\TestApplication.fsproj", "{4765977B-9B08-4664-8A0F-D9555DDD39A6}"
EndProject
Project("{FAE04EC0-301F-11D3-BF4B-00C04F79EFBC}") = "TestApplicationFCSharp", "TestApplicationFCSharp\TestApplicationFCSharp.csproj", "{2023C786-43A1-406F-8A86-E71C9ED395ED}"
EndProject
Project("{2150E333-8FDC-42A3-9474-1A3956D46DE8}") = "TestApp", "TestApp", "{E81D9D87-D3AA-462B-B4C4-DF3ED75FC14A}"
	ProjectSection(SolutionItems) = preProject
		StructThinking.md = StructThinking.md
	EndProjectSection
EndProject
Project("{2150E333-8FDC-42A3-9474-1A3956D46DE8}") = "Others", "Others", "{7B66F53E-7AA3-4C06-BD52-293745D1F5DF}"
EndProject
Project("{2150E333-8FDC-42A3-9474-1A3956D46DE8}") = "Doc", "Doc", "{F09C7E64-4311-4773-8B04-879B15BC9ECB}"
	ProjectSection(SolutionItems) = preProject
		README.md = README.md
		StructThinking.md = StructThinking.md
	EndProjectSection
EndProject
Global
	GlobalSection(SolutionConfigurationPlatforms) = preSolution
		Debug|Any CPU = Debug|Any CPU
		Release|Any CPU = Release|Any CPU
	EndGlobalSection
	GlobalSection(ProjectConfigurationPlatforms) = postSolution
		{BB2C0C02-8EC7-4737-9A48-9A9ABB293421}.Debug|Any CPU.ActiveCfg = Debug|Any CPU
		{BB2C0C02-8EC7-4737-9A48-9A9ABB293421}.Debug|Any CPU.Build.0 = Debug|Any CPU
		{BB2C0C02-8EC7-4737-9A48-9A9ABB293421}.Release|Any CPU.ActiveCfg = Release|Any CPU
		{BB2C0C02-8EC7-4737-9A48-9A9ABB293421}.Release|Any CPU.Build.0 = Release|Any CPU
		{5FAA4A2B-566C-4506-833D-7718704CC801}.Debug|Any CPU.ActiveCfg = Debug|Any CPU
		{5FAA4A2B-566C-4506-833D-7718704CC801}.Debug|Any CPU.Build.0 = Debug|Any CPU
		{5FAA4A2B-566C-4506-833D-7718704CC801}.Release|Any CPU.ActiveCfg = Release|Any CPU
		{5FAA4A2B-566C-4506-833D-7718704CC801}.Release|Any CPU.Build.0 = Release|Any CPU
		{B24E9784-274A-4CAD-8672-A7C0C3FF3A19}.Debug|Any CPU.ActiveCfg = Debug|Any CPU
		{B24E9784-274A-4CAD-8672-A7C0C3FF3A19}.Debug|Any CPU.Build.0 = Debug|Any CPU
		{B24E9784-274A-4CAD-8672-A7C0C3FF3A19}.Release|Any CPU.ActiveCfg = Release|Any CPU
		{B24E9784-274A-4CAD-8672-A7C0C3FF3A19}.Release|Any CPU.Build.0 = Release|Any CPU
		{4765977B-9B08-4664-8A0F-D9555DDD39A6}.Debug|Any CPU.ActiveCfg = Debug|Any CPU
		{4765977B-9B08-4664-8A0F-D9555DDD39A6}.Debug|Any CPU.Build.0 = Debug|Any CPU
		{4765977B-9B08-4664-8A0F-D9555DDD39A6}.Release|Any CPU.ActiveCfg = Release|Any CPU
		{4765977B-9B08-4664-8A0F-D9555DDD39A6}.Release|Any CPU.Build.0 = Release|Any CPU
		{2023C786-43A1-406F-8A86-E71C9ED395ED}.Debug|Any CPU.ActiveCfg = Debug|Any CPU
		{2023C786-43A1-406F-8A86-E71C9ED395ED}.Debug|Any CPU.Build.0 = Debug|Any CPU
		{2023C786-43A1-406F-8A86-E71C9ED395ED}.Release|Any CPU.ActiveCfg = Release|Any CPU
		{2023C786-43A1-406F-8A86-E71C9ED395ED}.Release|Any CPU.Build.0 = Release|Any CPU
	EndGlobalSection
	GlobalSection(SolutionProperties) = preSolution
		HideSolutionNode = FALSE
	EndGlobalSection
	GlobalSection(NestedProjects) = preSolution
		{BB2C0C02-8EC7-4737-9A48-9A9ABB293421} = {7B66F53E-7AA3-4C06-BD52-293745D1F5DF}
		{5FAA4A2B-566C-4506-833D-7718704CC801} = {7B66F53E-7AA3-4C06-BD52-293745D1F5DF}
		{B24E9784-274A-4CAD-8672-A7C0C3FF3A19} = {7B66F53E-7AA3-4C06-BD52-293745D1F5DF}
		{4765977B-9B08-4664-8A0F-D9555DDD39A6} = {E81D9D87-D3AA-462B-B4C4-DF3ED75FC14A}
		{2023C786-43A1-406F-8A86-E71C9ED395ED} = {E81D9D87-D3AA-462B-B4C4-DF3ED75FC14A}
	EndGlobalSection
EndGlobal
